
Microsoft Visual Studio Solution File, Format Version 12.00
# Visual Studio Version 17
VisualStudioVersion = 17.14.36401.2 d17.14
MinimumVisualStudioVersion = 10.0.40219.1
Project("{FAE04EC0-301F-11D3-BF4B-00C04F79EFBC}") = "DB_First", "DB_First\DB_First.csproj", "{FE59AE33-B1DC-4AA6-92D7-4A73FB7216C0}"
EndProject
Global
	GlobalSection(SolutionConfigurationPlatforms) = preSolution
		Debug|Any CPU = Debug|Any CPU
		Release|Any CPU = Release|Any CPU
	EndGlobalSection
	GlobalSection(ProjectConfigurationPlatforms) = postSolution
		{FE59AE33-B1DC-4AA6-92D7-4A73FB7216C0}.Debug|Any CPU.ActiveCfg = Debug|Any CPU
		{FE59AE33-B1DC-4AA6-92D7-4A73FB7216C0}.Debug|Any CPU.Build.0 = Debug|Any CPU
		{FE59AE33-B1DC-4AA6-92D7-4A73FB7216C0}.Release|Any CPU.ActiveCfg = Release|Any CPU
		{FE59AE33-B1DC-4AA6-92D7-4A73FB7216C0}.Release|Any CPU.Build.0 = Release|Any CPU
	EndGlobalSection
	GlobalSection(SolutionProperties) = preSolution
		HideSolutionNode = FALSE
	EndGlobalSection
	GlobalSection(ExtensibilityGlobals) = postSolution
		SolutionGuid = {300DE459-C033-40C5-A584-E9C96A9C6899}
	EndGlobalSection
EndGlobal
